// !$*UTF8*$!
{
	archiveVersion = 1;
	classes = {
	};
	objectVersion = 46;
	objects = {

/* Begin PBXBuildFile section */
		141351981D3E62F300D19DBB /* AppDelegate.swift in Sources */ = {isa = PBXBuildFile; fileRef = 141351971D3E62F300D19DBB /* AppDelegate.swift */; };
		1413519A1D3E62F300D19DBB /* ViewController.swift in Sources */ = {isa = PBXBuildFile; fileRef = 141351991D3E62F300D19DBB /* ViewController.swift */; };
		1413519D1D3E62F300D19DBB /* Main.storyboard in Resources */ = {isa = PBXBuildFile; fileRef = 1413519B1D3E62F300D19DBB /* Main.storyboard */; };
		1413519F1D3E62F300D19DBB /* Assets.xcassets in Resources */ = {isa = PBXBuildFile; fileRef = 1413519E1D3E62F300D19DBB /* Assets.xcassets */; };
		141351A21D3E62F300D19DBB /* LaunchScreen.storyboard in Resources */ = {isa = PBXBuildFile; fileRef = 141351A01D3E62F300D19DBB /* LaunchScreen.storyboard */; };
/* End PBXBuildFile section */

/* Begin PBXFileReference section */
		141351941D3E62F300D19DBB /* myBook.app */ = {isa = PBXFileReference; explicitFileType = wrapper.application; includeInIndex = 0; path = myBook.app; sourceTree = BUILT_PRODUCTS_DIR; };
		141351971D3E62F300D19DBB /* AppDelegate.swift */ = {isa = PBXFileReference; lastKnownFileType = sourcecode.swift; path = AppDelegate.swift; sourceTree = "<group>"; };
		141351991D3E62F300D19DBB /* ViewController.swift */ = {isa = PBXFileReference; lastKnownFileType = sourcecode.swift; path = ViewController.swift; sourceTree = "<group>"; };
		1413519C1D3E62F300D19DBB /* Base */ = {isa = PBXFileReference; lastKnownFileType = file.storyboard; name = Base; path = Base.lproj/Main.storyboard; sourceTree = "<group>"; };
		1413519E1D3E62F300D19DBB /* Assets.xcassets */ = {isa = PBXFileReference; lastKnownFileType = folder.assetcatalog; path = Assets.xcassets; sourceTree = "<group>"; };
		141351A11D3E62F300D19DBB /* Base */ = {isa = PBXFileReference; lastKnownFileType = file.storyboard; name = Base; path = Base.lproj/LaunchScreen.storyboard; sourceTree = "<group>"; };
		141351A31D3E62F300D19DBB /* Info.plist */ = {isa = PBXFileReference; lastKnownFileType = text.plist.xml; path = Info.plist; sourceTree = "<group>"; };
/* End PBXFileReference section */

/* Begin PBXFrameworksBuildPhase section */
		141351911D3E62F200D19DBB /* Frameworks */ = {
			isa = PBXFrameworksBuildPhase;
			buildActionMask = 2147483647;
			files = (
			);
			runOnlyForDeploymentPostprocessing = 0;
		};
/* End PBXFrameworksBuildPhase section */

/* Begin PBXGroup section */
		1413518B1D3E62F200D19DBB = {
			isa = PBXGroup;
			children = (
				141351961D3E62F300D19DBB /* myBook */,
				141351951D3E62F300D19DBB /* Products */,
			);
			sourceTree = "<group>";
		};
		141351951D3E62F300D19DBB /* Products */ = {
			isa = PBXGroup;
			children = (
				141351941D3E62F300D19DBB /* myBook.app */,
			);
			name = Products;
			sourceTree = "<group>";
		};
		141351961D3E62F300D19DBB /* myBook */ = {
			isa = PBXGroup;
			children = (
				141351971D3E62F300D19DBB /* AppDelegate.swift */,
				141351991D3E62F300D19DBB /* ViewController.swift */,
				1413519B1D3E62F300D19DBB /* Main.storyboard */,
				1413519E1D3E62F300D19DBB /* Assets.xcassets */,
				141351A01D3E62F300D19DBB /* LaunchScreen.storyboard */,
				141351A31D3E62F300D19DBB /* Info.plist */,
			);
			path = myBook;
			sourceTree = "<group>";
		};
/* End PBXGroup section */

/* Begin PBXNativeTarget section */
		141351931D3E62F200D19DBB /* myBook */ = {
			isa = PBXNativeTarget;
			buildConfigurationList = 141351A61D3E62F300D19DBB /* Build configuration list for PBXNativeTarget "myBook" */;
			buildPhases = (
				141351901D3E62F200D19DBB /* Sources */,
				141351911D3E62F200D19DBB /* Frameworks */,
				141351921D3E62F200D19DBB /* Resources */,
			);
			buildRules = (
			);
			dependencies = (
			);
			name = myBook;
			productName = myBook;
			productReference = 141351941D3E62F300D19DBB /* myBook.app */;
			productType = "com.apple.product-type.application";
		};
/* End PBXNativeTarget section */

/* Begin PBXProject section */
		1413518C1D3E62F200D19DBB /* Project object */ = {
			isa = PBXProject;
			attributes = {
				LastSwiftUpdateCheck = 0730;
				LastUpgradeCheck = 0730;
				ORGANIZATIONNAME = MyStudio;
				TargetAttributes = {
					141351931D3E62F200D19DBB = {
						CreatedOnToolsVersion = 7.3.1;
					};
				};
			};
			buildConfigurationList = 1413518F1D3E62F200D19DBB /* Build configuration list for PBXProject "myBook" */;
			compatibilityVersion = "Xcode 3.2";
			developmentRegion = English;
			hasScannedForEncodings = 0;
			knownRegions = (
				en,
				Base,
			);
			mainGroup = 1413518B1D3E62F200D19DBB;
			productRefGroup = 141351951D3E62F300D19DBB /* Products */;
			projectDirPath = "";
			projectRoot = "";
			targets = (
				141351931D3E62F200D19DBB /* myBook */,
			);
		};
/* End PBXProject section */

/* Begin PBXResourcesBuildPhase section */
		141351921D3E62F200D19DBB /* Resources */ = {
			isa = PBXResourcesBuildPhase;
			buildActionMask = 2147483647;
			files = (
				141351A21D3E62F300D19DBB /* LaunchScreen.storyboard in Resources */,
				1413519F1D3E62F300D19DBB /* Assets.xcassets in Resources */,
				1413519D1D3E62F300D19DBB /* Main.storyboard in Resources */,
			);
			runOnlyForDeploymentPostprocessing = 0;
		};
/* End PBXResourcesBuildPhase section */

/* Begin PBXSourcesBuildPhase section */
		141351901D3E62F200D19DBB /* Sources */ = {
			isa = PBXSourcesBuildPhase;
			buildActionMask = 2147483647;
			files = (
				1413519A1D3E62F300D19DBB /* ViewController.swift in Sources */,
				141351981D3E62F300D19DBB /* AppDelegate.swift in Sources */,
			);
			runOnlyForDeploymentPostprocessing = 0;
		};
/* End PBXSourcesBuildPhase section */

/* Begin PBXVariantGroup section */
		1413519B1D3E62F300D19DBB /* Main.storyboard */ = {
			isa = PBXVariantGroup;
			children = (
				1413519C1D3E62F300D19DBB /* Base */,
			);
			name = Main.storyboard;
			sourceTree = "<group>";
		};
		141351A01D3E62F300D19DBB /* LaunchScreen.storyboard */ = {
			isa = PBXVariantGroup;
			children = (
				141351A11D3E62F300D19DBB /* Base */,
			);
			name = LaunchScreen.storyboard;
			sourceTree = "<group>";
		};
/* End PBXVariantGroup section */

/* Begin XCBuildConfiguration section */
		141351A41D3E62F300D19DBB /* Debug */ = {
			isa = XCBuildConfiguration;
			buildSettings = {
				ALWAYS_SEARCH_USER_PATHS = NO;
				CLANG_ANALYZER_NONNULL = YES;
				CLANG_CXX_LANGUAGE_STANDARD = "gnu++0x";
				CLANG_CXX_LIBRARY = "libc++";
				CLANG_ENABLE_MODULES = YES;
				CLANG_ENABLE_OBJC_ARC = YES;
				CLANG_WARN_BOOL_CONVERSION = YES;
				CLANG_WARN_CONSTANT_CONVERSION = YES;
				CLANG_WARN_DIRECT_OBJC_ISA_USAGE = YES_ERROR;
				CLANG_WARN_EMPTY_BODY = YES;
				CLANG_WARN_ENUM_CONVERSION = YES;
				CLANG_WARN_INT_CONVERSION = YES;
				CLANG_WARN_OBJC_ROOT_CLASS = YES_ERROR;
				CLANG_WARN_UNREACHABLE_CODE = YES;
				CLANG_WARN__DUPLICATE_METHOD_MATCH = YES;
				"CODE_SIGN_IDENTITY[sdk=iphoneos*]" = "iPhone Developer";
				COPY_PHASE_STRIP = NO;
				DEBUG_INFORMATION_FORMAT = dwarf;
				ENABLE_STRICT_OBJC_MSGSEND = YES;
				ENABLE_TESTABILITY = YES;
				GCC_C_LANGUAGE_STANDARD = gnu99;
				GCC_DYNAMIC_NO_PIC = NO;
				GCC_NO_COMMON_BLOCKS = YES;
				GCC_OPTIMIZATION_LEVEL = 0;
				GCC_PREPROCESSOR_DEFINITIONS = (
					"DEBUG=1",
					"$(inherited)",
				);
				GCC_WARN_64_TO_32_BIT_CONVERSION = YES;
				GCC_WARN_ABOUT_RETURN_TYPE = YES_ERROR;
				GCC_WARN_UNDECLARED_SELECTOR = YES;
				GCC_WARN_UNINITIALIZED_AUTOS = YES_AGGRESSIVE;
				GCC_WARN_UNUSED_FUNCTION = YES;
				GCC_WARN_UNUSED_VARIABLE = YES;
				IPHONEOS_DEPLOYMENT_TARGET = 9.3;
				MTL_ENABLE_DEBUG_INFO = YES;
				ONLY_ACTIVE_ARCH = YES;
				SDKROOT = iphoneos;
				SWIFT_OPTIMIZATION_LEVEL = "-Onone";
				TARGETED_DEVICE_FAMILY = "1,2";
			};
			name = Debug;
		};
		141351A51D3E62F300D19DBB /* Release */ = {
			isa = XCBuildConfiguration;
			buildSettings = {
				ALWAYS_SEARCH_USER_PATHS = NO;
				CLANG_ANALYZER_NONNULL = YES;
				CLANG_CXX_LANGUAGE_STANDARD = "gnu++0x";
				CLANG_CXX_LIBRARY = "libc++";
				CLANG_ENABLE_MODULES = YES;
				CLANG_ENABLE_OBJC_ARC = YES;
				CLANG_WARN_BOOL_CONVERSION = YES;
				CLANG_WARN_CONSTANT_CONVERSION = YES;
				CLANG_WARN_DIRECT_OBJC_ISA_USAGE = YES_ERROR;
				CLANG_WARN_EMPTY_BODY = YES;
				CLANG_WARN_ENUM_CONVERSION = YES;
				CLANG_WARN_INT_CONVERSION = YES;
				CLANG_WARN_OBJC_ROOT_CLASS = YES_ERROR;
				CLANG_WARN_UNREACHABLE_CODE = YES;
				CLANG_WARN__DUPLICATE_METHOD_MATCH = YES;
				"CODE_SIGN_IDENTITY[sdk=iphoneos*]" = "iPhone Developer";
				COPY_PHASE_STRIP = NO;
				DEBUG_INFORMATION_FORMAT = "dwarf-with-dsym";
				ENABLE_NS_ASSERTIONS = NO;
				ENABLE_STRICT_OBJC_MSGSEND = YES;
				GCC_C_LANGUAGE_STANDARD = gnu99;
				GCC_NO_COMMON_BLOCKS = YES;
				GCC_WARN_64_TO_32_BIT_CONVERSION = YES;
				GCC_WARN_ABOUT_RETURN_TYPE = YES_ERROR;
				GCC_WARN_UNDECLARED_SELECTOR = YES;
				GCC_WARN_UNINITIALIZED_AUTOS = YES_AGGRESSIVE;
				GCC_WARN_UNUSED_FUNCTION = YES;
				GCC_WARN_UNUSED_VARIABLE = YES;
				IPHONEOS_DEPLOYMENT_TARGET = 9.3;
				MTL_ENABLE_DEBUG_INFO = NO;
				SDKROOT = iphoneos;
				TARGETED_DEVICE_FAMILY = "1,2";
				VALIDATE_PRODUCT = YES;
			};
			name = Release;
		};
		141351A71D3E62F300D19DBB /* Debug */ = {
			isa = XCBuildConfiguration;
			buildSettings = {
				ASSETCATALOG_COMPILER_APPICON_NAME = AppIcon;
				INFOPLIST_FILE = myBook/Info.plist;
				LD_RUNPATH_SEARCH_PATHS = "$(inherited) @executable_path/Frameworks";
				PRODUCT_BUNDLE_IDENTIFIER = com.MyStudio.myBook;
				PRODUCT_NAME = "$(TARGET_NAME)";
			};
			name = Debug;
		};
		141351A81D3E62F300D19DBB /* Release */ = {
			isa = XCBuildConfiguration;
			buildSettings = {
				ASSETCATALOG_COMPILER_APPICON_NAME = AppIcon;
				INFOPLIST_FILE = myBook/Info.plist;
				LD_RUNPATH_SEARCH_PATHS = "$(inherited) @executable_path/Frameworks";
				PRODUCT_BUNDLE_IDENTIFIER = com.MyStudio.myBook;
				PRODUCT_NAME = "$(TARGET_NAME)";
			};
			name = Release;
		};
/* End XCBuildConfiguration section */

/* Begin XCConfigurationList section */
		1413518F1D3E62F200D19DBB /* Build configuration list for PBXProject "myBook" */ = {
			isa = XCConfigurationList;
			buildConfigurations = (
				141351A41D3E62F300D19DBB /* Debug */,
				141351A51D3E62F300D19DBB /* Release */,
			);
			defaultConfigurationIsVisible = 0;
			defaultConfigurationName = Release;
		};
		141351A61D3E62F300D19DBB /* Build configuration list for PBXNativeTarget "myBook" */ = {
			isa = XCConfigurationList;
			buildConfigurations = (
				141351A71D3E62F300D19DBB /* Debug */,
				141351A81D3E62F300D19DBB /* Release */,
			);
			defaultConfigurationIsVisible = 0;
		};
/* End XCConfigurationList section */
	};
	rootObject = 1413518C1D3E62F200D19DBB /* Project object */;
}
